
Microsoft Visual Studio Solution File, Format Version 12.00
# Visual Studio Version 17
VisualStudioVersion = 17.6.33801.468
MinimumVisualStudioVersion = 10.0.40219.1
Project("{9A19103F-16F7-4668-BE54-9A1E7A4F7556}") = "P01.DayOfWeek", "P01.DayOfWeek\P01.DayOfWeek.csproj", "{7AE86819-B571-43F0-81C9-9AF95B72D178}"
EndProject
Project("{9A19103F-16F7-4668-BE54-9A1E7A4F7556}") = "P02.WeekendOrWorkingDay", "P02.WeekendOrWorkingDay\P02.WeekendOrWorkingDay.csproj", "{ED93BB53-511C-49E0-B30C-77F57ABC632F}"
EndProject
Project("{9A19103F-16F7-4668-BE54-9A1E7A4F7556}") = "P03.AnimalType", "P03.AnimalType\P03.AnimalType.csproj", "{BDD2B265-741E-41CF-9EDC-40328B08CCD3}"
EndProject
Project("{9A19103F-16F7-4668-BE54-9A1E7A4F7556}") = "P04.PersonalTitles", "P04.PersonalTitles\P04.PersonalTitles.csproj", "{137938E6-59AD-4B82-9620-8B306FEFEE88}"
EndProject
Project("{9A19103F-16F7-4668-BE54-9A1E7A4F7556}") = "P05.SmallShop", "P05.SmallShop\P05.SmallShop.csproj", "{5B5537F7-17F3-478F-8E5E-40DCE80A64AE}"
EndProject
Project("{9A19103F-16F7-4668-BE54-9A1E7A4F7556}") = "P06.NumInRange", "P06.NumInRange\P06.NumInRange.csproj", "{51EEDE55-A7EB-4E35-BA9C-4EC717079AE2}"
EndProject
Project("{9A19103F-16F7-4668-BE54-9A1E7A4F7556}") = "P07.WorkingHours", "P07.WorkingHours\P07.WorkingHours.csproj", "{5A5347C0-CAFE-44F4-9C26-36516A67D6D2}"
EndProject
Project("{9A19103F-16F7-4668-BE54-9A1E7A4F7556}") = "P08.CinemaTicket", "P08.CinemaTicket\P08.CinemaTicket.csproj", "{79ED9F21-2478-4A09-B570-BA6AB69FD759}"
EndProject
Project("{9A19103F-16F7-4668-BE54-9A1E7A4F7556}") = "P09.FruitOrVeg", "P09.FruitOrVeg\P09.FruitOrVeg.csproj", "{F973FFCF-9B7D-418D-B7B7-B35819ACCE1A}"
EndProject
Project("{9A19103F-16F7-4668-BE54-9A1E7A4F7556}") = "P10.InvalidNum", "P10.InvalidNum\P10.InvalidNum.csproj", "{96752C10-2D64-41C7-8CD1-AD1F269F26AF}"
EndProject
Project("{9A19103F-16F7-4668-BE54-9A1E7A4F7556}") = "P11.FruitShop", "P11.FruitShop\P11.FruitShop.csproj", "{6F2B82F3-EB5A-48A1-9609-D70A0B68B177}"
EndProject
Project("{9A19103F-16F7-4668-BE54-9A1E7A4F7556}") = "P12.TradeCommissions", "P12.TradeCommissions\P12.TradeCommissions.csproj", "{5E5B425B-3D9F-455A-886E-B946B626B793}"
EndProject
Project("{9A19103F-16F7-4668-BE54-9A1E7A4F7556}") = "P13.Cinema", "P13.Cinema\P13.Cinema.csproj", "{1E34DE95-ABF8-459D-B409-357B6C26F13A}"
EndProject
Project("{9A19103F-16F7-4668-BE54-9A1E7A4F7556}") = "P14.SummerOutfit", "P14.SummerOutfit\P14.SummerOutfit.csproj", "{08AA69C6-9845-4837-9D7A-5EC9D1E71D5E}"
EndProject
Project("{9A19103F-16F7-4668-BE54-9A1E7A4F7556}") = "P15.NewHouse", "P15.NewHouse\P15.NewHouse.csproj", "{3AB47B69-5A6A-4636-A0A1-66DD2FE34A4E}"
EndProject
Project("{9A19103F-16F7-4668-BE54-9A1E7A4F7556}") = "P16.FishingBoat", "P16.FishingBoat\P16.FishingBoat.csproj", "{C7E255D0-BA0D-4909-8199-50EDCB5BDC18}"
EndProject
Project("{FAE04EC0-301F-11D3-BF4B-00C04F79EFBC}") = "P17.Journey", "P17.Journey\P17.Journey.csproj", "{3B94D586-2292-419E-884A-9EEFE307D077}"
EndProject
Project("{FAE04EC0-301F-11D3-BF4B-00C04F79EFBC}") = "P18.OperationsBetweenNums", "P18.OperationsBetweenNums\P18.OperationsBetweenNums.csproj", "{716357AF-60B8-43CC-A102-F159670FC7A5}"
EndProject
Project("{FAE04EC0-301F-11D3-BF4B-00C04F79EFBC}") = "P19.HotelRoom", "P19.HotelRoom\P19.HotelRoom.csproj", "{304B9F6E-2F61-4FE5-8360-CF3BBF66BC19}"
EndProject
Project("{FAE04EC0-301F-11D3-BF4B-00C04F79EFBC}") = "P20.ExamTime", "P20.ExamTime\P20.ExamTime.csproj", "{6FDA63A3-C138-4D66-97A6-8367AE59B2B8}"
EndProject
Project("{FAE04EC0-301F-11D3-BF4B-00C04F79EFBC}") = "P21.SkiTrip", "P21.SkiTrip\P21.SkiTrip.csproj", "{71998E7B-92A5-4A02-B57A-3075F717F099}"
EndProject
Global
	GlobalSection(SolutionConfigurationPlatforms) = preSolution
		Debug|Any CPU = Debug|Any CPU
		Release|Any CPU = Release|Any CPU
	EndGlobalSection
	GlobalSection(ProjectConfigurationPlatforms) = postSolution
		{7AE86819-B571-43F0-81C9-9AF95B72D178}.Debug|Any CPU.ActiveCfg = Debug|Any CPU
		{7AE86819-B571-43F0-81C9-9AF95B72D178}.Debug|Any CPU.Build.0 = Debug|Any CPU
		{7AE86819-B571-43F0-81C9-9AF95B72D178}.Release|Any CPU.ActiveCfg = Release|Any CPU
		{7AE86819-B571-43F0-81C9-9AF95B72D178}.Release|Any CPU.Build.0 = Release|Any CPU
		{ED93BB53-511C-49E0-B30C-77F57ABC632F}.Debug|Any CPU.ActiveCfg = Debug|Any CPU
		{ED93BB53-511C-49E0-B30C-77F57ABC632F}.Debug|Any CPU.Build.0 = Debug|Any CPU
		{ED93BB53-511C-49E0-B30C-77F57ABC632F}.Release|Any CPU.ActiveCfg = Release|Any CPU
		{ED93BB53-511C-49E0-B30C-77F57ABC632F}.Release|Any CPU.Build.0 = Release|Any CPU
		{BDD2B265-741E-41CF-9EDC-40328B08CCD3}.Debug|Any CPU.ActiveCfg = Debug|Any CPU
		{BDD2B265-741E-41CF-9EDC-40328B08CCD3}.Debug|Any CPU.Build.0 = Debug|Any CPU
		{BDD2B265-741E-41CF-9EDC-40328B08CCD3}.Release|Any CPU.ActiveCfg = Release|Any CPU
		{BDD2B265-741E-41CF-9EDC-40328B08CCD3}.Release|Any CPU.Build.0 = Release|Any CPU
		{137938E6-59AD-4B82-9620-8B306FEFEE88}.Debug|Any CPU.ActiveCfg = Debug|Any CPU
		{137938E6-59AD-4B82-9620-8B306FEFEE88}.Debug|Any CPU.Build.0 = Debug|Any CPU
		{137938E6-59AD-4B82-9620-8B306FEFEE88}.Release|Any CPU.ActiveCfg = Release|Any CPU
		{137938E6-59AD-4B82-9620-8B306FEFEE88}.Release|Any CPU.Build.0 = Release|Any CPU
		{5B5537F7-17F3-478F-8E5E-40DCE80A64AE}.Debug|Any CPU.ActiveCfg = Debug|Any CPU
		{5B5537F7-17F3-478F-8E5E-40DCE80A64AE}.Debug|Any CPU.Build.0 = Debug|Any CPU
		{5B5537F7-17F3-478F-8E5E-40DCE80A64AE}.Release|Any CPU.ActiveCfg = Release|Any CPU
		{5B5537F7-17F3-478F-8E5E-40DCE80A64AE}.Release|Any CPU.Build.0 = Release|Any CPU
		{51EEDE55-A7EB-4E35-BA9C-4EC717079AE2}.Debug|Any CPU.ActiveCfg = Debug|Any CPU
		{51EEDE55-A7EB-4E35-BA9C-4EC717079AE2}.Debug|Any CPU.Build.0 = Debug|Any CPU
		{51EEDE55-A7EB-4E35-BA9C-4EC717079AE2}.Release|Any CPU.ActiveCfg = Release|Any CPU
		{51EEDE55-A7EB-4E35-BA9C-4EC717079AE2}.Release|Any CPU.Build.0 = Release|Any CPU
		{5A5347C0-CAFE-44F4-9C26-36516A67D6D2}.Debug|Any CPU.ActiveCfg = Debug|Any CPU
		{5A5347C0-CAFE-44F4-9C26-36516A67D6D2}.Debug|Any CPU.Build.0 = Debug|Any CPU
		{5A5347C0-CAFE-44F4-9C26-36516A67D6D2}.Release|Any CPU.ActiveCfg = Release|Any CPU
		{5A5347C0-CAFE-44F4-9C26-36516A67D6D2}.Release|Any CPU.Build.0 = Release|Any CPU
		{79ED9F21-2478-4A09-B570-BA6AB69FD759}.Debug|Any CPU.ActiveCfg = Debug|Any CPU
		{79ED9F21-2478-4A09-B570-BA6AB69FD759}.Debug|Any CPU.Build.0 = Debug|Any CPU
		{79ED9F21-2478-4A09-B570-BA6AB69FD759}.Release|Any CPU.ActiveCfg = Release|Any CPU
		{79ED9F21-2478-4A09-B570-BA6AB69FD759}.Release|Any CPU.Build.0 = Release|Any CPU
		{F973FFCF-9B7D-418D-B7B7-B35819ACCE1A}.Debug|Any CPU.ActiveCfg = Debug|Any CPU
		{F973FFCF-9B7D-418D-B7B7-B35819ACCE1A}.Debug|Any CPU.Build.0 = Debug|Any CPU
		{F973FFCF-9B7D-418D-B7B7-B35819ACCE1A}.Release|Any CPU.ActiveCfg = Release|Any CPU
		{F973FFCF-9B7D-418D-B7B7-B35819ACCE1A}.Release|Any CPU.Build.0 = Release|Any CPU
		{96752C10-2D64-41C7-8CD1-AD1F269F26AF}.Debug|Any CPU.ActiveCfg = Debug|Any CPU
		{96752C10-2D64-41C7-8CD1-AD1F269F26AF}.Debug|Any CPU.Build.0 = Debug|Any CPU
		{96752C10-2D64-41C7-8CD1-AD1F269F26AF}.Release|Any CPU.ActiveCfg = Release|Any CPU
		{96752C10-2D64-41C7-8CD1-AD1F269F26AF}.Release|Any CPU.Build.0 = Release|Any CPU
		{6F2B82F3-EB5A-48A1-9609-D70A0B68B177}.Debug|Any CPU.ActiveCfg = Debug|Any CPU
		{6F2B82F3-EB5A-48A1-9609-D70A0B68B177}.Debug|Any CPU.Build.0 = Debug|Any CPU
		{6F2B82F3-EB5A-48A1-9609-D70A0B68B177}.Release|Any CPU.ActiveCfg = Release|Any CPU
		{6F2B82F3-EB5A-48A1-9609-D70A0B68B177}.Release|Any CPU.Build.0 = Release|Any CPU
		{5E5B425B-3D9F-455A-886E-B946B626B793}.Debug|Any CPU.ActiveCfg = Debug|Any CPU
		{5E5B425B-3D9F-455A-886E-B946B626B793}.Debug|Any CPU.Build.0 = Debug|Any CPU
		{5E5B425B-3D9F-455A-886E-B946B626B793}.Release|Any CPU.ActiveCfg = Release|Any CPU
		{5E5B425B-3D9F-455A-886E-B946B626B793}.Release|Any CPU.Build.0 = Release|Any CPU
		{1E34DE95-ABF8-459D-B409-357B6C26F13A}.Debug|Any CPU.ActiveCfg = Debug|Any CPU
		{1E34DE95-ABF8-459D-B409-357B6C26F13A}.Debug|Any CPU.Build.0 = Debug|Any CPU
		{1E34DE95-ABF8-459D-B409-357B6C26F13A}.Release|Any CPU.ActiveCfg = Release|Any CPU
		{1E34DE95-ABF8-459D-B409-357B6C26F13A}.Release|Any CPU.Build.0 = Release|Any CPU
		{08AA69C6-9845-4837-9D7A-5EC9D1E71D5E}.Debug|Any CPU.ActiveCfg = Debug|Any CPU
		{08AA69C6-9845-4837-9D7A-5EC9D1E71D5E}.Debug|Any CPU.Build.0 = Debug|Any CPU
		{08AA69C6-9845-4837-9D7A-5EC9D1E71D5E}.Release|Any CPU.ActiveCfg = Release|Any CPU
		{08AA69C6-9845-4837-9D7A-5EC9D1E71D5E}.Release|Any CPU.Build.0 = Release|Any CPU
		{3AB47B69-5A6A-4636-A0A1-66DD2FE34A4E}.Debug|Any CPU.ActiveCfg = Debug|Any CPU
		{3AB47B69-5A6A-4636-A0A1-66DD2FE34A4E}.Debug|Any CPU.Build.0 = Debug|Any CPU
		{3AB47B69-5A6A-4636-A0A1-66DD2FE34A4E}.Release|Any CPU.ActiveCfg = Release|Any CPU
		{3AB47B69-5A6A-4636-A0A1-66DD2FE34A4E}.Release|Any CPU.Build.0 = Release|Any CPU
		{C7E255D0-BA0D-4909-8199-50EDCB5BDC18}.Debug|Any CPU.ActiveCfg = Debug|Any CPU
		{C7E255D0-BA0D-4909-8199-50EDCB5BDC18}.Debug|Any CPU.Build.0 = Debug|Any CPU
		{C7E255D0-BA0D-4909-8199-50EDCB5BDC18}.Release|Any CPU.ActiveCfg = Release|Any CPU
		{C7E255D0-BA0D-4909-8199-50EDCB5BDC18}.Release|Any CPU.Build.0 = Release|Any CPU
		{3B94D586-2292-419E-884A-9EEFE307D077}.Debug|Any CPU.ActiveCfg = Debug|Any CPU
		{3B94D586-2292-419E-884A-9EEFE307D077}.Debug|Any CPU.Build.0 = Debug|Any CPU
		{3B94D586-2292-419E-884A-9EEFE307D077}.Release|Any CPU.ActiveCfg = Release|Any CPU
		{3B94D586-2292-419E-884A-9EEFE307D077}.Release|Any CPU.Build.0 = Release|Any CPU
		{716357AF-60B8-43CC-A102-F159670FC7A5}.Debug|Any CPU.ActiveCfg = Debug|Any CPU
		{716357AF-60B8-43CC-A102-F159670FC7A5}.Debug|Any CPU.Build.0 = Debug|Any CPU
		{716357AF-60B8-43CC-A102-F159670FC7A5}.Release|Any CPU.ActiveCfg = Release|Any CPU
		{716357AF-60B8-43CC-A102-F159670FC7A5}.Release|Any CPU.Build.0 = Release|Any CPU
		{304B9F6E-2F61-4FE5-8360-CF3BBF66BC19}.Debug|Any CPU.ActiveCfg = Debug|Any CPU
		{304B9F6E-2F61-4FE5-8360-CF3BBF66BC19}.Debug|Any CPU.Build.0 = Debug|Any CPU
		{304B9F6E-2F61-4FE5-8360-CF3BBF66BC19}.Release|Any CPU.ActiveCfg = Release|Any CPU
		{304B9F6E-2F61-4FE5-8360-CF3BBF66BC19}.Release|Any CPU.Build.0 = Release|Any CPU
		{6FDA63A3-C138-4D66-97A6-8367AE59B2B8}.Debug|Any CPU.ActiveCfg = Debug|Any CPU
		{6FDA63A3-C138-4D66-97A6-8367AE59B2B8}.Debug|Any CPU.Build.0 = Debug|Any CPU
		{6FDA63A3-C138-4D66-97A6-8367AE59B2B8}.Release|Any CPU.ActiveCfg = Release|Any CPU
		{6FDA63A3-C138-4D66-97A6-8367AE59B2B8}.Release|Any CPU.Build.0 = Release|Any CPU
		{71998E7B-92A5-4A02-B57A-3075F717F099}.Debug|Any CPU.ActiveCfg = Debug|Any CPU
		{71998E7B-92A5-4A02-B57A-3075F717F099}.Debug|Any CPU.Build.0 = Debug|Any CPU
		{71998E7B-92A5-4A02-B57A-3075F717F099}.Release|Any CPU.ActiveCfg = Release|Any CPU
		{71998E7B-92A5-4A02-B57A-3075F717F099}.Release|Any CPU.Build.0 = Release|Any CPU
	EndGlobalSection
	GlobalSection(SolutionProperties) = preSolution
		HideSolutionNode = FALSE
	EndGlobalSection
	GlobalSection(ExtensibilityGlobals) = postSolution
		SolutionGuid = {1E8F843B-2E34-4E24-900F-825922B027E1}
	EndGlobalSection
EndGlobal
